// !$*UTF8*$!
{
	archiveVersion = 1;
	classes = {
	};
	objectVersion = 46;
	objects = {

/* Begin PBXBuildFile section */
		EA8DF79813E6DBA90038F08F /* Encryptor.mm in Sources */ = {isa = PBXBuildFile; fileRef = EA8DF79713E6DBA90038F08F /* Encryptor.mm */; };
		EA8DF79C13E743B20038F08F /* ServiceHandler.m in Sources */ = {isa = PBXBuildFile; fileRef = EA8DF79B13E743B10038F08F /* ServiceHandler.m */; };
		EAC5BDC013E584C100DBC487 /* Cocoa.framework in Frameworks */ = {isa = PBXBuildFile; fileRef = EAC5BDBF13E584C100DBC487 /* Cocoa.framework */; };
		EAC5BDCA13E584C200DBC487 /* InfoPlist.strings in Resources */ = {isa = PBXBuildFile; fileRef = EAC5BDC813E584C200DBC487 /* InfoPlist.strings */; };
		EAC5BDCC13E584C200DBC487 /* main.m in Sources */ = {isa = PBXBuildFile; fileRef = EAC5BDCB13E584C200DBC487 /* main.m */; };
		EAC5BDD013E584C200DBC487 /* Credits.rtf in Resources */ = {isa = PBXBuildFile; fileRef = EAC5BDCE13E584C200DBC487 /* Credits.rtf */; };
		EAC5BDD313E584C200DBC487 /* fsecAppDelegate.mm in Sources */ = {isa = PBXBuildFile; fileRef = EAC5BDD213E584C200DBC487 /* fsecAppDelegate.mm */; };
		EAC5BDD613E584C200DBC487 /* MainMenu.xib in Resources */ = {isa = PBXBuildFile; fileRef = EAC5BDD413E584C200DBC487 /* MainMenu.xib */; };
		EAC5BDDE13E584C400DBC487 /* SenTestingKit.framework in Frameworks */ = {isa = PBXBuildFile; fileRef = EAC5BDDD13E584C400DBC487 /* SenTestingKit.framework */; };
		EAC5BDDF13E584C400DBC487 /* Cocoa.framework in Frameworks */ = {isa = PBXBuildFile; fileRef = EAC5BDBF13E584C100DBC487 /* Cocoa.framework */; };
		EAC5BDE713E584C400DBC487 /* InfoPlist.strings in Resources */ = {isa = PBXBuildFile; fileRef = EAC5BDE513E584C400DBC487 /* InfoPlist.strings */; };
		EAC5BDEA13E584C400DBC487 /* fsecTests.m in Sources */ = {isa = PBXBuildFile; fileRef = EAC5BDE913E584C400DBC487 /* fsecTests.m */; };
		EAC5C06113E599DB00DBC487 /* File.cpp in Sources */ = {isa = PBXBuildFile; fileRef = EAC5C06013E599DB00DBC487 /* File.cpp */; settings = {COMPILER_FLAGS = "-lssl -lcrypto"; }; };
		EAD1EFB31401C9CB00FC15C4 /* libcrypto.dylib in Frameworks */ = {isa = PBXBuildFile; fileRef = EAD1EFB21401C9CB00FC15C4 /* libcrypto.dylib */; };
		EAD1EFBA1401CC4D00FC15C4 /* encryptUtils.cpp in Sources */ = {isa = PBXBuildFile; fileRef = EAD1EFB91401CC4D00FC15C4 /* encryptUtils.cpp */; settings = {COMPILER_FLAGS = "-lcrypto"; }; };
		EAE8A392143A96AA00EE7F2D /* Lock.icns in Resources */ = {isa = PBXBuildFile; fileRef = EAE8A391143A96AA00EE7F2D /* Lock.icns */; };
		EAE8A399143A9A3200EE7F2D /* rar.icns in Resources */ = {isa = PBXBuildFile; fileRef = EAE8A398143A9A3200EE7F2D /* rar.icns */; };
		EAF62514140E30860046404F /* memoryUtils.cpp in Sources */ = {isa = PBXBuildFile; fileRef = EAF62513140E30860046404F /* memoryUtils.cpp */; };
		EAF62516140EF9760046404F /* secureHeader.cpp in Sources */ = {isa = PBXBuildFile; fileRef = EAF62515140EF9760046404F /* secureHeader.cpp */; };
/* End PBXBuildFile section */

/* Begin PBXContainerItemProxy section */
		EAC5BDE013E584C400DBC487 /* PBXContainerItemProxy */ = {
			isa = PBXContainerItemProxy;
			containerPortal = EAC5BDB213E584BF00DBC487 /* Project object */;
			proxyType = 1;
			remoteGlobalIDString = EAC5BDBA13E584C100DBC487;
			remoteInfo = fsec;
		};
/* End PBXContainerItemProxy section */

/* Begin PBXFileReference section */
		EA8DF79613E6DBA90038F08F /* Encryptor.h */ = {isa = PBXFileReference; fileEncoding = 4; lastKnownFileType = sourcecode.c.h; path = Encryptor.h; sourceTree = "<group>"; };
		EA8DF79713E6DBA90038F08F /* Encryptor.mm */ = {isa = PBXFileReference; fileEncoding = 4; lastKnownFileType = sourcecode.cpp.objcpp; path = Encryptor.mm; sourceTree = "<group>"; };
		EA8DF79A13E743B10038F08F /* ServiceHandler.h */ = {isa = PBXFileReference; fileEncoding = 4; lastKnownFileType = sourcecode.c.h; path = ServiceHandler.h; sourceTree = "<group>"; };
		EA8DF79B13E743B10038F08F /* ServiceHandler.m */ = {isa = PBXFileReference; fileEncoding = 4; lastKnownFileType = sourcecode.c.objc; path = ServiceHandler.m; sourceTree = "<group>"; };
		EAC5BDBB13E584C100DBC487 /* myfsec.app */ = {isa = PBXFileReference; explicitFileType = wrapper.application; includeInIndex = 0; path = myfsec.app; sourceTree = BUILT_PRODUCTS_DIR; };
		EAC5BDBF13E584C100DBC487 /* Cocoa.framework */ = {isa = PBXFileReference; lastKnownFileType = wrapper.framework; name = Cocoa.framework; path = System/Library/Frameworks/Cocoa.framework; sourceTree = SDKROOT; };
		EAC5BDC213E584C100DBC487 /* AppKit.framework */ = {isa = PBXFileReference; lastKnownFileType = wrapper.framework; name = AppKit.framework; path = System/Library/Frameworks/AppKit.framework; sourceTree = SDKROOT; };
		EAC5BDC313E584C100DBC487 /* CoreData.framework */ = {isa = PBXFileReference; lastKnownFileType = wrapper.framework; name = CoreData.framework; path = System/Library/Frameworks/CoreData.framework; sourceTree = SDKROOT; };
		EAC5BDC413E584C100DBC487 /* Foundation.framework */ = {isa = PBXFileReference; lastKnownFileType = wrapper.framework; name = Foundation.framework; path = System/Library/Frameworks/Foundation.framework; sourceTree = SDKROOT; };
		EAC5BDC713E584C200DBC487 /* myfsec-Info.plist */ = {isa = PBXFileReference; lastKnownFileType = text.plist.xml; path = "myfsec-Info.plist"; sourceTree = "<group>"; };
		EAC5BDC913E584C200DBC487 /* en */ = {isa = PBXFileReference; lastKnownFileType = text.plist.strings; name = en; path = en.lproj/InfoPlist.strings; sourceTree = "<group>"; };
		EAC5BDCB13E584C200DBC487 /* main.m */ = {isa = PBXFileReference; lastKnownFileType = sourcecode.c.objc; path = main.m; sourceTree = "<group>"; };
		EAC5BDCD13E584C200DBC487 /* myfsec-Prefix.pch */ = {isa = PBXFileReference; lastKnownFileType = sourcecode.c.h; path = "myfsec-Prefix.pch"; sourceTree = "<group>"; };
		EAC5BDCF13E584C200DBC487 /* en */ = {isa = PBXFileReference; lastKnownFileType = text.rtf; name = en; path = en.lproj/Credits.rtf; sourceTree = "<group>"; };
		EAC5BDD113E584C200DBC487 /* fsecAppDelegate.h */ = {isa = PBXFileReference; lastKnownFileType = sourcecode.c.h; path = fsecAppDelegate.h; sourceTree = "<group>"; };
		EAC5BDD213E584C200DBC487 /* fsecAppDelegate.mm */ = {isa = PBXFileReference; lastKnownFileType = sourcecode.cpp.objcpp; path = fsecAppDelegate.mm; sourceTree = "<group>"; };
		EAC5BDD513E584C200DBC487 /* en */ = {isa = PBXFileReference; lastKnownFileType = file.xib; name = en; path = en.lproj/MainMenu.xib; sourceTree = "<group>"; };
		EAC5BDDC13E584C400DBC487 /* myfsecTests.octest */ = {isa = PBXFileReference; explicitFileType = wrapper.cfbundle; includeInIndex = 0; path = myfsecTests.octest; sourceTree = BUILT_PRODUCTS_DIR; };
		EAC5BDDD13E584C400DBC487 /* SenTestingKit.framework */ = {isa = PBXFileReference; lastKnownFileType = wrapper.framework; name = SenTestingKit.framework; path = Library/Frameworks/SenTestingKit.framework; sourceTree = DEVELOPER_DIR; };
		EAC5BDE413E584C400DBC487 /* myfsecTests-Info.plist */ = {isa = PBXFileReference; lastKnownFileType = text.plist.xml; path = "myfsecTests-Info.plist"; sourceTree = "<group>"; };
		EAC5BDE613E584C400DBC487 /* en */ = {isa = PBXFileReference; lastKnownFileType = text.plist.strings; name = en; path = en.lproj/InfoPlist.strings; sourceTree = "<group>"; };
		EAC5BDE813E584C400DBC487 /* fsecTests.h */ = {isa = PBXFileReference; lastKnownFileType = sourcecode.c.h; path = fsecTests.h; sourceTree = "<group>"; };
		EAC5BDE913E584C400DBC487 /* fsecTests.m */ = {isa = PBXFileReference; lastKnownFileType = sourcecode.c.objc; path = fsecTests.m; sourceTree = "<group>"; };
		EAC5C06013E599DB00DBC487 /* File.cpp */ = {isa = PBXFileReference; fileEncoding = 4; lastKnownFileType = sourcecode.cpp.cpp; name = File.cpp; path = file/File.cpp; sourceTree = "<group>"; };
		EAC5C06313E59D9500DBC487 /* File.h */ = {isa = PBXFileReference; fileEncoding = 4; lastKnownFileType = sourcecode.c.h; name = File.h; path = file/File.h; sourceTree = "<group>"; };
		EAC5C06513E59E7200DBC487 /* secureHeader.h */ = {isa = PBXFileReference; fileEncoding = 4; lastKnownFileType = sourcecode.c.h; name = secureHeader.h; path = file/secureHeader.h; sourceTree = "<group>"; };
		EAD1EFB21401C9CB00FC15C4 /* libcrypto.dylib */ = {isa = PBXFileReference; lastKnownFileType = "compiled.mach-o.dylib"; name = libcrypto.dylib; path = usr/lib/libcrypto.dylib; sourceTree = SDKROOT; };
		EAD1EFB91401CC4D00FC15C4 /* encryptUtils.cpp */ = {isa = PBXFileReference; fileEncoding = 4; lastKnownFileType = sourcecode.cpp.cpp; name = encryptUtils.cpp; path = Utils/encryptUtils.cpp; sourceTree = "<group>"; };
		EAD1EFBB1401CC6D00FC15C4 /* encryptUtils.h */ = {isa = PBXFileReference; fileEncoding = 4; lastKnownFileType = sourcecode.c.h; name = encryptUtils.h; path = Utils/encryptUtils.h; sourceTree = "<group>"; };
		EAD1EFBC1401CCD800FC15C4 /* debugLog.h */ = {isa = PBXFileReference; fileEncoding = 4; lastKnownFileType = sourcecode.c.h; path = debugLog.h; sourceTree = "<group>"; };
		EAE8A391143A96AA00EE7F2D /* Lock.icns */ = {isa = PBXFileReference; lastKnownFileType = image.icns; path = Lock.icns; sourceTree = "<group>"; };
		EAE8A398143A9A3200EE7F2D /* rar.icns */ = {isa = PBXFileReference; lastKnownFileType = image.icns; path = rar.icns; sourceTree = "<group>"; };
		EAF62510140E303F0046404F /* memoryUtils.h */ = {isa = PBXFileReference; fileEncoding = 4; lastKnownFileType = sourcecode.c.h; path = memoryUtils.h; sourceTree = "<group>"; };
		EAF62512140E30670046404F /* Utils.h */ = {isa = PBXFileReference; fileEncoding = 4; lastKnownFileType = sourcecode.c.h; name = Utils.h; path = Utils/Utils.h; sourceTree = "<group>"; };
		EAF62513140E30860046404F /* memoryUtils.cpp */ = {isa = PBXFileReference; fileEncoding = 4; lastKnownFileType = sourcecode.cpp.cpp; name = memoryUtils.cpp; path = Utils/memoryUtils.cpp; sourceTree = "<group>"; };
		EAF62515140EF9760046404F /* secureHeader.cpp */ = {isa = PBXFileReference; fileEncoding = 4; lastKnownFileType = sourcecode.cpp.cpp; name = secureHeader.cpp; path = file/secureHeader.cpp; sourceTree = "<group>"; };
/* End PBXFileReference section */

/* Begin PBXFrameworksBuildPhase section */
		EAC5BDB813E584C100DBC487 /* Frameworks */ = {
			isa = PBXFrameworksBuildPhase;
			buildActionMask = 2147483647;
			files = (
				EAD1EFB31401C9CB00FC15C4 /* libcrypto.dylib in Frameworks */,
				EAC5BDC013E584C100DBC487 /* Cocoa.framework in Frameworks */,
			);
			runOnlyForDeploymentPostprocessing = 0;
		};
		EAC5BDD813E584C400DBC487 /* Frameworks */ = {
			isa = PBXFrameworksBuildPhase;
			buildActionMask = 2147483647;
			files = (
				EAC5BDDE13E584C400DBC487 /* SenTestingKit.framework in Frameworks */,
				EAC5BDDF13E584C400DBC487 /* Cocoa.framework in Frameworks */,
			);
			runOnlyForDeploymentPostprocessing = 0;
		};
/* End PBXFrameworksBuildPhase section */

/* Begin PBXGroup section */
		EAC5BDB013E584BF00DBC487 = {
			isa = PBXGroup;
			children = (
				EAD1EFB21401C9CB00FC15C4 /* libcrypto.dylib */,
				EAC5BDC513E584C100DBC487 /* fsec */,
				EAC5BDE213E584C400DBC487 /* fsecTests */,
				EAC5BDBE13E584C100DBC487 /* Frameworks */,
				EAC5BDBC13E584C100DBC487 /* Products */,
			);
			sourceTree = "<group>";
		};
		EAC5BDBC13E584C100DBC487 /* Products */ = {
			isa = PBXGroup;
			children = (
				EAC5BDBB13E584C100DBC487 /* myfsec.app */,
				EAC5BDDC13E584C400DBC487 /* myfsecTests.octest */,
			);
			name = Products;
			sourceTree = "<group>";
		};
		EAC5BDBE13E584C100DBC487 /* Frameworks */ = {
			isa = PBXGroup;
			children = (
				EAC5BDBF13E584C100DBC487 /* Cocoa.framework */,
				EAC5BDDD13E584C400DBC487 /* SenTestingKit.framework */,
				EAC5BDC113E584C100DBC487 /* Other Frameworks */,
			);
			name = Frameworks;
			sourceTree = "<group>";
		};
		EAC5BDC113E584C100DBC487 /* Other Frameworks */ = {
			isa = PBXGroup;
			children = (
				EAC5BDC213E584C100DBC487 /* AppKit.framework */,
				EAC5BDC313E584C100DBC487 /* CoreData.framework */,
				EAC5BDC413E584C100DBC487 /* Foundation.framework */,
			);
			name = "Other Frameworks";
			sourceTree = "<group>";
		};
		EAC5BDC513E584C100DBC487 /* fsec */ = {
			isa = PBXGroup;
			children = (
				EAD1EFB81401CBCE00FC15C4 /* Utils */,
				EAC5C06413E59DA200DBC487 /* File */,
				EAC5BDD113E584C200DBC487 /* fsecAppDelegate.h */,
				EAC5BDD213E584C200DBC487 /* fsecAppDelegate.mm */,
				EAC5BDD413E584C200DBC487 /* MainMenu.xib */,
				EAC5BDC613E584C200DBC487 /* Supporting Files */,
				EA8DF79613E6DBA90038F08F /* Encryptor.h */,
				EA8DF79713E6DBA90038F08F /* Encryptor.mm */,
				EA8DF79A13E743B10038F08F /* ServiceHandler.h */,
				EA8DF79B13E743B10038F08F /* ServiceHandler.m */,
			);
			path = fsec;
			sourceTree = "<group>";
		};
		EAC5BDC613E584C200DBC487 /* Supporting Files */ = {
			isa = PBXGroup;
			children = (
				EAE8A398143A9A3200EE7F2D /* rar.icns */,
				EAE8A391143A96AA00EE7F2D /* Lock.icns */,
				EAC5BDC713E584C200DBC487 /* myfsec-Info.plist */,
				EAC5BDC813E584C200DBC487 /* InfoPlist.strings */,
				EAC5BDCB13E584C200DBC487 /* main.m */,
				EAC5BDCD13E584C200DBC487 /* myfsec-Prefix.pch */,
				EAC5BDCE13E584C200DBC487 /* Credits.rtf */,
			);
			name = "Supporting Files";
			sourceTree = "<group>";
		};
		EAC5BDE213E584C400DBC487 /* fsecTests */ = {
			isa = PBXGroup;
			children = (
				EAC5BDE813E584C400DBC487 /* fsecTests.h */,
				EAC5BDE913E584C400DBC487 /* fsecTests.m */,
				EAC5BDE313E584C400DBC487 /* Supporting Files */,
			);
			path = fsecTests;
			sourceTree = "<group>";
		};
		EAC5BDE313E584C400DBC487 /* Supporting Files */ = {
			isa = PBXGroup;
			children = (
				EAC5BDE413E584C400DBC487 /* myfsecTests-Info.plist */,
				EAC5BDE513E584C400DBC487 /* InfoPlist.strings */,
			);
			name = "Supporting Files";
			sourceTree = "<group>";
		};
		EAC5C06413E59DA200DBC487 /* File */ = {
			isa = PBXGroup;
			children = (
				EAC5C06313E59D9500DBC487 /* File.h */,
				EAC5C06013E599DB00DBC487 /* File.cpp */,
				EAC5C06513E59E7200DBC487 /* secureHeader.h */,
				EAF62515140EF9760046404F /* secureHeader.cpp */,
			);
			name = File;
			sourceTree = "<group>";
		};
		EAD1EFB81401CBCE00FC15C4 /* Utils */ = {
			isa = PBXGroup;
			children = (
				EAD1EFBB1401CC6D00FC15C4 /* encryptUtils.h */,
				EAD1EFB91401CC4D00FC15C4 /* encryptUtils.cpp */,
				EAD1EFBC1401CCD800FC15C4 /* debugLog.h */,
				EAF62510140E303F0046404F /* memoryUtils.h */,
				EAF62512140E30670046404F /* Utils.h */,
				EAF62513140E30860046404F /* memoryUtils.cpp */,
			);
			name = Utils;
			sourceTree = "<group>";
		};
/* End PBXGroup section */

/* Begin PBXNativeTarget section */
		EAC5BDBA13E584C100DBC487 /* myfsec */ = {
			isa = PBXNativeTarget;
			buildConfigurationList = EAC5BDED13E584C400DBC487 /* Build configuration list for PBXNativeTarget "myfsec" */;
			buildPhases = (
				EAC5BDB713E584C100DBC487 /* Sources */,
				EAC5BDB813E584C100DBC487 /* Frameworks */,
				EAC5BDB913E584C100DBC487 /* Resources */,
			);
			buildRules = (
			);
			dependencies = (
			);
			name = myfsec;
			productName = fsec;
			productReference = EAC5BDBB13E584C100DBC487 /* myfsec.app */;
			productType = "com.apple.product-type.application";
		};
		EAC5BDDB13E584C400DBC487 /* myfsecTests */ = {
			isa = PBXNativeTarget;
			buildConfigurationList = EAC5BDF013E584C400DBC487 /* Build configuration list for PBXNativeTarget "myfsecTests" */;
			buildPhases = (
				EAC5BDD713E584C400DBC487 /* Sources */,
				EAC5BDD813E584C400DBC487 /* Frameworks */,
				EAC5BDD913E584C400DBC487 /* Resources */,
				EAC5BDDA13E584C400DBC487 /* ShellScript */,
			);
			buildRules = (
			);
			dependencies = (
				EAC5BDE113E584C400DBC487 /* PBXTargetDependency */,
			);
			name = myfsecTests;
			productName = fsecTests;
			productReference = EAC5BDDC13E584C400DBC487 /* myfsecTests.octest */;
			productType = "com.apple.product-type.bundle";
		};
/* End PBXNativeTarget section */

/* Begin PBXProject section */
		EAC5BDB213E584BF00DBC487 /* Project object */ = {
			isa = PBXProject;
			attributes = {
				LastUpgradeCheck = 0420;
			};
			buildConfigurationList = EAC5BDB513E584BF00DBC487 /* Build configuration list for PBXProject "myfsec" */;
			compatibilityVersion = "Xcode 3.2";
			developmentRegion = English;
			hasScannedForEncodings = 0;
			knownRegions = (
				en,
			);
			mainGroup = EAC5BDB013E584BF00DBC487;
			productRefGroup = EAC5BDBC13E584C100DBC487 /* Products */;
			projectDirPath = "";
			projectRoot = "";
			targets = (
				EAC5BDBA13E584C100DBC487 /* myfsec */,
				EAC5BDDB13E584C400DBC487 /* myfsecTests */,
			);
		};
/* End PBXProject section */

/* Begin PBXResourcesBuildPhase section */
		EAC5BDB913E584C100DBC487 /* Resources */ = {
			isa = PBXResourcesBuildPhase;
			buildActionMask = 2147483647;
			files = (
				EAC5BDCA13E584C200DBC487 /* InfoPlist.strings in Resources */,
				EAC5BDD013E584C200DBC487 /* Credits.rtf in Resources */,
				EAC5BDD613E584C200DBC487 /* MainMenu.xib in Resources */,
				EAE8A392143A96AA00EE7F2D /* Lock.icns in Resources */,
				EAE8A399143A9A3200EE7F2D /* rar.icns in Resources */,
			);
			runOnlyForDeploymentPostprocessing = 0;
		};
		EAC5BDD913E584C400DBC487 /* Resources */ = {
			isa = PBXResourcesBuildPhase;
			buildActionMask = 2147483647;
			files = (
				EAC5BDE713E584C400DBC487 /* InfoPlist.strings in Resources */,
			);
			runOnlyForDeploymentPostprocessing = 0;
		};
/* End PBXResourcesBuildPhase section */

/* Begin PBXShellScriptBuildPhase section */
		EAC5BDDA13E584C400DBC487 /* ShellScript */ = {
			isa = PBXShellScriptBuildPhase;
			buildActionMask = 2147483647;
			files = (
			);
			inputPaths = (
			);
			outputPaths = (
			);
			runOnlyForDeploymentPostprocessing = 0;
			shellPath = /bin/sh;
			shellScript = "# Run the unit tests in this test bundle.\n\"${SYSTEM_DEVELOPER_DIR}/Tools/RunUnitTests\"\n";
		};
/* End PBXShellScriptBuildPhase section */

/* Begin PBXSourcesBuildPhase section */
		EAC5BDB713E584C100DBC487 /* Sources */ = {
			isa = PBXSourcesBuildPhase;
			buildActionMask = 2147483647;
			files = (
				EAC5BDCC13E584C200DBC487 /* main.m in Sources */,
				EAC5BDD313E584C200DBC487 /* fsecAppDelegate.mm in Sources */,
				EAC5C06113E599DB00DBC487 /* File.cpp in Sources */,
				EA8DF79813E6DBA90038F08F /* Encryptor.mm in Sources */,
				EA8DF79C13E743B20038F08F /* ServiceHandler.m in Sources */,
				EAD1EFBA1401CC4D00FC15C4 /* encryptUtils.cpp in Sources */,
				EAF62514140E30860046404F /* memoryUtils.cpp in Sources */,
				EAF62516140EF9760046404F /* secureHeader.cpp in Sources */,
			);
			runOnlyForDeploymentPostprocessing = 0;
		};
		EAC5BDD713E584C400DBC487 /* Sources */ = {
			isa = PBXSourcesBuildPhase;
			buildActionMask = 2147483647;
			files = (
				EAC5BDEA13E584C400DBC487 /* fsecTests.m in Sources */,
			);
			runOnlyForDeploymentPostprocessing = 0;
		};
/* End PBXSourcesBuildPhase section */

/* Begin PBXTargetDependency section */
		EAC5BDE113E584C400DBC487 /* PBXTargetDependency */ = {
			isa = PBXTargetDependency;
			target = EAC5BDBA13E584C100DBC487 /* myfsec */;
			targetProxy = EAC5BDE013E584C400DBC487 /* PBXContainerItemProxy */;
		};
/* End PBXTargetDependency section */

/* Begin PBXVariantGroup section */
		EAC5BDC813E584C200DBC487 /* InfoPlist.strings */ = {
			isa = PBXVariantGroup;
			children = (
				EAC5BDC913E584C200DBC487 /* en */,
			);
			name = InfoPlist.strings;
			sourceTree = "<group>";
		};
		EAC5BDCE13E584C200DBC487 /* Credits.rtf */ = {
			isa = PBXVariantGroup;
			children = (
				EAC5BDCF13E584C200DBC487 /* en */,
			);
			name = Credits.rtf;
			sourceTree = "<group>";
		};
		EAC5BDD413E584C200DBC487 /* MainMenu.xib */ = {
			isa = PBXVariantGroup;
			children = (
				EAC5BDD513E584C200DBC487 /* en */,
			);
			name = MainMenu.xib;
			sourceTree = "<group>";
		};
		EAC5BDE513E584C400DBC487 /* InfoPlist.strings */ = {
			isa = PBXVariantGroup;
			children = (
				EAC5BDE613E584C400DBC487 /* en */,
			);
			name = InfoPlist.strings;
			sourceTree = "<group>";
		};
/* End PBXVariantGroup section */

/* Begin XCBuildConfiguration section */
		EAC5BDEB13E584C400DBC487 /* Debug */ = {
			isa = XCBuildConfiguration;
			buildSettings = {
				ALWAYS_SEARCH_USER_PATHS = NO;
				ARCHS = "$(ARCHS_STANDARD_64_BIT)";
				CLANG_ENABLE_OBJC_ARC = YES;
				COPY_PHASE_STRIP = NO;
				GCC_C_LANGUAGE_STANDARD = gnu99;
				GCC_DYNAMIC_NO_PIC = NO;
				GCC_ENABLE_OBJC_EXCEPTIONS = YES;
				GCC_OPTIMIZATION_LEVEL = 0;
				GCC_PREPROCESSOR_DEFINITIONS = (
					"DEBUG=1",
					"$(inherited)",
				);
				GCC_SYMBOLS_PRIVATE_EXTERN = NO;
				GCC_VERSION = com.apple.compilers.llvm.clang.1_0;
				GCC_WARN_64_TO_32_BIT_CONVERSION = YES;
				GCC_WARN_ABOUT_MISSING_PROTOTYPES = YES;
				GCC_WARN_ABOUT_RETURN_TYPE = YES;
				GCC_WARN_UNUSED_VARIABLE = YES;
				MACOSX_DEPLOYMENT_TARGET = 10.7;
				ONLY_ACTIVE_ARCH = YES;
				SDKROOT = macosx;
			};
			name = Debug;
		};
		EAC5BDEC13E584C400DBC487 /* Release */ = {
			isa = XCBuildConfiguration;
			buildSettings = {
				ALWAYS_SEARCH_USER_PATHS = NO;
				ARCHS = "$(ARCHS_STANDARD_64_BIT)";
				CLANG_ENABLE_OBJC_ARC = YES;
				COPY_PHASE_STRIP = YES;
				DEBUG_INFORMATION_FORMAT = "dwarf-with-dsym";
				GCC_C_LANGUAGE_STANDARD = gnu99;
				GCC_ENABLE_OBJC_EXCEPTIONS = YES;
				GCC_VERSION = com.apple.compilers.llvm.clang.1_0;
				GCC_WARN_64_TO_32_BIT_CONVERSION = YES;
				GCC_WARN_ABOUT_MISSING_PROTOTYPES = YES;
				GCC_WARN_ABOUT_RETURN_TYPE = YES;
				GCC_WARN_UNUSED_VARIABLE = YES;
				MACOSX_DEPLOYMENT_TARGET = 10.7;
				SDKROOT = macosx;
			};
			name = Release;
		};
		EAC5BDEE13E584C400DBC487 /* Debug */ = {
			isa = XCBuildConfiguration;
			buildSettings = {
				ALWAYS_SEARCH_USER_PATHS = YES;
				ARCHS = "$(ARCHS_STANDARD_32_64_BIT)";
				GCC_CHAR_IS_UNSIGNED_CHAR = YES;
				GCC_PRECOMPILE_PREFIX_HEADER = YES;
				GCC_PREFIX_HEADER = "fsec/myfsec-Prefix.pch";
				GCC_VERSION = "";
				INFOPLIST_FILE = "fsec/myfsec-Info.plist";
				LD_OPENMP_FLAGS = "-lssl -fopenmp";
				MACOSX_DEPLOYMENT_TARGET = 10.7;
				OTHER_CFLAGS = (
					"-lcrypto",
					"-lssl",
				);
				OTHER_LDFLAGS = (
					"-lcrypto",
					"-lssl",
				);
				PRELINK_LIBS = "-lssl";
				PRODUCT_NAME = myfsec;
				SDKROOT = macosx;
				USER_HEADER_SEARCH_PATHS = fsec/;
				WARNING_CFLAGS = "-Winvalid-pch";
				WRAPPER_EXTENSION = app;
			};
			name = Debug;
		};
		EAC5BDEF13E584C400DBC487 /* Release */ = {
			isa = XCBuildConfiguration;
			buildSettings = {
				ALWAYS_SEARCH_USER_PATHS = YES;
				ARCHS = "$(ARCHS_STANDARD_32_64_BIT)";
				GCC_CHAR_IS_UNSIGNED_CHAR = YES;
				GCC_PRECOMPILE_PREFIX_HEADER = YES;
				GCC_PREFIX_HEADER = "fsec/myfsec-Prefix.pch";
				GCC_VERSION = "";
				INFOPLIST_FILE = "fsec/myfsec-Info.plist";
				LD_OPENMP_FLAGS = "-lssl -fopenmp";
				MACOSX_DEPLOYMENT_TARGET = 10.7;
				OTHER_CFLAGS = (
					"-lcrypto",
					"-lssl",
				);
				OTHER_LDFLAGS = (
					"-lcrypto",
					"-lssl",
				);
				PRELINK_LIBS = "-lssl";
				PRODUCT_NAME = myfsec;
				SDKROOT = macosx;
				USER_HEADER_SEARCH_PATHS = "";
				WARNING_CFLAGS = "-Winvalid-pch";
				WRAPPER_EXTENSION = app;
			};
			name = Release;
		};
		EAC5BDF113E584C400DBC487 /* Debug */ = {
			isa = XCBuildConfiguration;
			buildSettings = {
				BUNDLE_LOADER = "$(BUILT_PRODUCTS_DIR)/fsec.app/Contents/MacOS/fsec";
				FRAMEWORK_SEARCH_PATHS = "$(DEVELOPER_LIBRARY_DIR)/Frameworks";
				GCC_PRECOMPILE_PREFIX_HEADER = YES;
				GCC_PREFIX_HEADER = "fsec/fsec-Prefix.pch";
				INFOPLIST_FILE = "myfsecTests-Info.plist";
				PRODUCT_NAME = myfsecTests;
				TEST_HOST = "$(BUNDLE_LOADER)";
				WRAPPER_EXTENSION = octest;
			};
			name = Debug;
		};
		EAC5BDF213E584C400DBC487 /* Release */ = {
			isa = XCBuildConfiguration;
			buildSettings = {
				BUNDLE_LOADER = "$(BUILT_PRODUCTS_DIR)/fsec.app/Contents/MacOS/fsec";
				FRAMEWORK_SEARCH_PATHS = "$(DEVELOPER_LIBRARY_DIR)/Frameworks";
				GCC_PRECOMPILE_PREFIX_HEADER = YES;
				GCC_PREFIX_HEADER = "fsec/fsec-Prefix.pch";
				INFOPLIST_FILE = "myfsecTests-Info.plist";
				PRODUCT_NAME = myfsecTests;
				TEST_HOST = "$(BUNDLE_LOADER)";
				WRAPPER_EXTENSION = octest;
			};
			name = Release;
		};
/* End XCBuildConfiguration section */

/* Begin XCConfigurationList section */
		EAC5BDB513E584BF00DBC487 /* Build configuration list for PBXProject "myfsec" */ = {
			isa = XCConfigurationList;
			buildConfigurations = (
				EAC5BDEB13E584C400DBC487 /* Debug */,
				EAC5BDEC13E584C400DBC487 /* Release */,
			);
			defaultConfigurationIsVisible = 0;
			defaultConfigurationName = Release;
		};
		EAC5BDED13E584C400DBC487 /* Build configuration list for PBXNativeTarget "myfsec" */ = {
			isa = XCConfigurationList;
			buildConfigurations = (
				EAC5BDEE13E584C400DBC487 /* Debug */,
				EAC5BDEF13E584C400DBC487 /* Release */,
			);
			defaultConfigurationIsVisible = 0;
			defaultConfigurationName = Release;
		};
		EAC5BDF013E584C400DBC487 /* Build configuration list for PBXNativeTarget "myfsecTests" */ = {
			isa = XCConfigurationList;
			buildConfigurations = (
				EAC5BDF113E584C400DBC487 /* Debug */,
				EAC5BDF213E584C400DBC487 /* Release */,
			);
			defaultConfigurationIsVisible = 0;
			defaultConfigurationName = Release;
		};
/* End XCConfigurationList section */
	};
	rootObject = EAC5BDB213E584BF00DBC487 /* Project object */;
}
